// !$*UTF8*$!
{
	archiveVersion = 1;
	classes = {
	};
	objectVersion = 50;
	objects = {

/* Begin PBXBuildFile section */
		B8D27F7D215AE7350034B7EE /* AppDelegate.swift in Sources */ = {isa = PBXBuildFile; fileRef = B8D27F7C215AE7350034B7EE /* AppDelegate.swift */; };
		B8D27F7F215AE7350034B7EE /* ViewController.swift in Sources */ = {isa = PBXBuildFile; fileRef = B8D27F7E215AE7350034B7EE /* ViewController.swift */; };
		B8D27F82215AE7350034B7EE /* Main.storyboard in Resources */ = {isa = PBXBuildFile; fileRef = B8D27F80215AE7350034B7EE /* Main.storyboard */; };
		B8D27F84215AE7360034B7EE /* Assets.xcassets in Resources */ = {isa = PBXBuildFile; fileRef = B8D27F83215AE7360034B7EE /* Assets.xcassets */; };
		B8D27F87215AE7360034B7EE /* LaunchScreen.storyboard in Resources */ = {isa = PBXBuildFile; fileRef = B8D27F85215AE7360034B7EE /* LaunchScreen.storyboard */; };
		B8D27F92215AE7370034B7EE /* FlixTests.swift in Sources */ = {isa = PBXBuildFile; fileRef = B8D27F91215AE7370034B7EE /* FlixTests.swift */; };
		B8D27F9D215AE7370034B7EE /* FlixUITests.swift in Sources */ = {isa = PBXBuildFile; fileRef = B8D27F9C215AE7370034B7EE /* FlixUITests.swift */; };
/* End PBXBuildFile section */

/* Begin PBXContainerItemProxy section */
		B8D27F8E215AE7370034B7EE /* PBXContainerItemProxy */ = {
			isa = PBXContainerItemProxy;
			containerPortal = B8D27F71215AE7350034B7EE /* Project object */;
			proxyType = 1;
			remoteGlobalIDString = B8D27F78215AE7350034B7EE;
			remoteInfo = Flix;
		};
		B8D27F99215AE7370034B7EE /* PBXContainerItemProxy */ = {
			isa = PBXContainerItemProxy;
			containerPortal = B8D27F71215AE7350034B7EE /* Project object */;
			proxyType = 1;
			remoteGlobalIDString = B8D27F78215AE7350034B7EE;
			remoteInfo = Flix;
		};
/* End PBXContainerItemProxy section */

/* Begin PBXFileReference section */
		B8D27F79215AE7350034B7EE /* Flix.app */ = {isa = PBXFileReference; explicitFileType = wrapper.application; includeInIndex = 0; path = Flix.app; sourceTree = BUILT_PRODUCTS_DIR; };
		B8D27F7C215AE7350034B7EE /* AppDelegate.swift */ = {isa = PBXFileReference; lastKnownFileType = sourcecode.swift; path = AppDelegate.swift; sourceTree = "<group>"; };
		B8D27F7E215AE7350034B7EE /* ViewController.swift */ = {isa = PBXFileReference; lastKnownFileType = sourcecode.swift; path = ViewController.swift; sourceTree = "<group>"; };
		B8D27F81215AE7350034B7EE /* Base */ = {isa = PBXFileReference; lastKnownFileType = file.storyboard; name = Base; path = Base.lproj/Main.storyboard; sourceTree = "<group>"; };
		B8D27F83215AE7360034B7EE /* Assets.xcassets */ = {isa = PBXFileReference; lastKnownFileType = folder.assetcatalog; path = Assets.xcassets; sourceTree = "<group>"; };
		B8D27F86215AE7360034B7EE /* Base */ = {isa = PBXFileReference; lastKnownFileType = file.storyboard; name = Base; path = Base.lproj/LaunchScreen.storyboard; sourceTree = "<group>"; };
		B8D27F88215AE7360034B7EE /* Info.plist */ = {isa = PBXFileReference; lastKnownFileType = text.plist.xml; path = Info.plist; sourceTree = "<group>"; };
		B8D27F8D215AE7370034B7EE /* FlixTests.xctest */ = {isa = PBXFileReference; explicitFileType = wrapper.cfbundle; includeInIndex = 0; path = FlixTests.xctest; sourceTree = BUILT_PRODUCTS_DIR; };
		B8D27F91215AE7370034B7EE /* FlixTests.swift */ = {isa = PBXFileReference; lastKnownFileType = sourcecode.swift; path = FlixTests.swift; sourceTree = "<group>"; };
		B8D27F93215AE7370034B7EE /* Info.plist */ = {isa = PBXFileReference; lastKnownFileType = text.plist.xml; path = Info.plist; sourceTree = "<group>"; };
		B8D27F98215AE7370034B7EE /* FlixUITests.xctest */ = {isa = PBXFileReference; explicitFileType = wrapper.cfbundle; includeInIndex = 0; path = FlixUITests.xctest; sourceTree = BUILT_PRODUCTS_DIR; };
		B8D27F9C215AE7370034B7EE /* FlixUITests.swift */ = {isa = PBXFileReference; lastKnownFileType = sourcecode.swift; path = FlixUITests.swift; sourceTree = "<group>"; };
		B8D27F9E215AE7370034B7EE /* Info.plist */ = {isa = PBXFileReference; lastKnownFileType = text.plist.xml; path = Info.plist; sourceTree = "<group>"; };
/* End PBXFileReference section */

/* Begin PBXFrameworksBuildPhase section */
		B8D27F76215AE7350034B7EE /* Frameworks */ = {
			isa = PBXFrameworksBuildPhase;
			buildActionMask = 2147483647;
			files = (
			);
			runOnlyForDeploymentPostprocessing = 0;
		};
		B8D27F8A215AE7370034B7EE /* Frameworks */ = {
			isa = PBXFrameworksBuildPhase;
			buildActionMask = 2147483647;
			files = (
			);
			runOnlyForDeploymentPostprocessing = 0;
		};
		B8D27F95215AE7370034B7EE /* Frameworks */ = {
			isa = PBXFrameworksBuildPhase;
			buildActionMask = 2147483647;
			files = (
			);
			runOnlyForDeploymentPostprocessing = 0;
		};
/* End PBXFrameworksBuildPhase section */

/* Begin PBXGroup section */
		B8D27F70215AE7350034B7EE = {
			isa = PBXGroup;
			children = (
				B8D27F7B215AE7350034B7EE /* Flix */,
				B8D27F90215AE7370034B7EE /* FlixTests */,
				B8D27F9B215AE7370034B7EE /* FlixUITests */,
				B8D27F7A215AE7350034B7EE /* Products */,
			);
			sourceTree = "<group>";
		};
		B8D27F7A215AE7350034B7EE /* Products */ = {
			isa = PBXGroup;
			children = (
				B8D27F79215AE7350034B7EE /* Flix.app */,
				B8D27F8D215AE7370034B7EE /* FlixTests.xctest */,
				B8D27F98215AE7370034B7EE /* FlixUITests.xctest */,
			);
			name = Products;
			sourceTree = "<group>";
		};
		B8D27F7B215AE7350034B7EE /* Flix */ = {
			isa = PBXGroup;
			children = (
				B8D27F7C215AE7350034B7EE /* AppDelegate.swift */,
				B8D27F7E215AE7350034B7EE /* ViewController.swift */,
				B8D27F80215AE7350034B7EE /* Main.storyboard */,
				B8D27F83215AE7360034B7EE /* Assets.xcassets */,
				B8D27F85215AE7360034B7EE /* LaunchScreen.storyboard */,
				B8D27F88215AE7360034B7EE /* Info.plist */,
			);
			path = Flix;
			sourceTree = "<group>";
		};
		B8D27F90215AE7370034B7EE /* FlixTests */ = {
			isa = PBXGroup;
			children = (
				B8D27F91215AE7370034B7EE /* FlixTests.swift */,
				B8D27F93215AE7370034B7EE /* Info.plist */,
			);
			path = FlixTests;
			sourceTree = "<group>";
		};
		B8D27F9B215AE7370034B7EE /* FlixUITests */ = {
			isa = PBXGroup;
			children = (
				B8D27F9C215AE7370034B7EE /* FlixUITests.swift */,
				B8D27F9E215AE7370034B7EE /* Info.plist */,
			);
			path = FlixUITests;
			sourceTree = "<group>";
		};
/* End PBXGroup section */

/* Begin PBXNativeTarget section */
		B8D27F78215AE7350034B7EE /* Flix */ = {
			isa = PBXNativeTarget;
			buildConfigurationList = B8D27FA1215AE7370034B7EE /* Build configuration list for PBXNativeTarget "Flix" */;
			buildPhases = (
				B8D27F75215AE7350034B7EE /* Sources */,
				B8D27F76215AE7350034B7EE /* Frameworks */,
				B8D27F77215AE7350034B7EE /* Resources */,
			);
			buildRules = (
			);
			dependencies = (
			);
			name = Flix;
			productName = Flix;
			productReference = B8D27F79215AE7350034B7EE /* Flix.app */;
			productType = "com.apple.product-type.application";
		};
		B8D27F8C215AE7370034B7EE /* FlixTests */ = {
			isa = PBXNativeTarget;
			buildConfigurationList = B8D27FA4215AE7370034B7EE /* Build configuration list for PBXNativeTarget "FlixTests" */;
			buildPhases = (
				B8D27F89215AE7370034B7EE /* Sources */,
				B8D27F8A215AE7370034B7EE /* Frameworks */,
				B8D27F8B215AE7370034B7EE /* Resources */,
			);
			buildRules = (
			);
			dependencies = (
				B8D27F8F215AE7370034B7EE /* PBXTargetDependency */,
			);
			name = FlixTests;
			productName = FlixTests;
			productReference = B8D27F8D215AE7370034B7EE /* FlixTests.xctest */;
			productType = "com.apple.product-type.bundle.unit-test";
		};
		B8D27F97215AE7370034B7EE /* FlixUITests */ = {
			isa = PBXNativeTarget;
			buildConfigurationList = B8D27FA7215AE7370034B7EE /* Build configuration list for PBXNativeTarget "FlixUITests" */;
			buildPhases = (
				B8D27F94215AE7370034B7EE /* Sources */,
				B8D27F95215AE7370034B7EE /* Frameworks */,
				B8D27F96215AE7370034B7EE /* Resources */,
			);
			buildRules = (
			);
			dependencies = (
				B8D27F9A215AE7370034B7EE /* PBXTargetDependency */,
			);
			name = FlixUITests;
			productName = FlixUITests;
			productReference = B8D27F98215AE7370034B7EE /* FlixUITests.xctest */;
			productType = "com.apple.product-type.bundle.ui-testing";
		};
/* End PBXNativeTarget section */

/* Begin PBXProject section */
		B8D27F71215AE7350034B7EE /* Project object */ = {
			isa = PBXProject;
			attributes = {
				LastSwiftUpdateCheck = 0940;
				LastUpgradeCheck = 0940;
				ORGANIZATIONNAME = "Hanyu Huang";
				TargetAttributes = {
					B8D27F78215AE7350034B7EE = {
						CreatedOnToolsVersion = 9.4.1;
					};
					B8D27F8C215AE7370034B7EE = {
						CreatedOnToolsVersion = 9.4.1;
						TestTargetID = B8D27F78215AE7350034B7EE;
					};
					B8D27F97215AE7370034B7EE = {
						CreatedOnToolsVersion = 9.4.1;
						TestTargetID = B8D27F78215AE7350034B7EE;
					};
				};
			};
			buildConfigurationList = B8D27F74215AE7350034B7EE /* Build configuration list for PBXProject "Flix" */;
			compatibilityVersion = "Xcode 9.3";
			developmentRegion = en;
			hasScannedForEncodings = 0;
			knownRegions = (
				en,
				Base,
			);
			mainGroup = B8D27F70215AE7350034B7EE;
			productRefGroup = B8D27F7A215AE7350034B7EE /* Products */;
			projectDirPath = "";
			projectRoot = "";
			targets = (
				B8D27F78215AE7350034B7EE /* Flix */,
				B8D27F8C215AE7370034B7EE /* FlixTests */,
				B8D27F97215AE7370034B7EE /* FlixUITests */,
			);
		};
/* End PBXProject section */

/* Begin PBXResourcesBuildPhase section */
		B8D27F77215AE7350034B7EE /* Resources */ = {
			isa = PBXResourcesBuildPhase;
			buildActionMask = 2147483647;
			files = (
				B8D27F87215AE7360034B7EE /* LaunchScreen.storyboard in Resources */,
				B8D27F84215AE7360034B7EE /* Assets.xcassets in Resources */,
				B8D27F82215AE7350034B7EE /* Main.storyboard in Resources */,
			);
			runOnlyForDeploymentPostprocessing = 0;
		};
		B8D27F8B215AE7370034B7EE /* Resources */ = {
			isa = PBXResourcesBuildPhase;
			buildActionMask = 2147483647;
			files = (
			);
			runOnlyForDeploymentPostprocessing = 0;
		};
		B8D27F96215AE7370034B7EE /* Resources */ = {
			isa = PBXResourcesBuildPhase;
			buildActionMask = 2147483647;
			files = (
			);
			runOnlyForDeploymentPostprocessing = 0;
		};
/* End PBXResourcesBuildPhase section */

/* Begin PBXSourcesBuildPhase section */
		B8D27F75215AE7350034B7EE /* Sources */ = {
			isa = PBXSourcesBuildPhase;
			buildActionMask = 2147483647;
			files = (
				B8D27F7F215AE7350034B7EE /* ViewController.swift in Sources */,
				B8D27F7D215AE7350034B7EE /* AppDelegate.swift in Sources */,
			);
			runOnlyForDeploymentPostprocessing = 0;
		};
		B8D27F89215AE7370034B7EE /* Sources */ = {
			isa = PBXSourcesBuildPhase;
			buildActionMask = 2147483647;
			files = (
				B8D27F92215AE7370034B7EE /* FlixTests.swift in Sources */,
			);
			runOnlyForDeploymentPostprocessing = 0;
		};
		B8D27F94215AE7370034B7EE /* Sources */ = {
			isa = PBXSourcesBuildPhase;
			buildActionMask = 2147483647;
			files = (
				B8D27F9D215AE7370034B7EE /* FlixUITests.swift in Sources */,
			);
			runOnlyForDeploymentPostprocessing = 0;
		};
/* End PBXSourcesBuildPhase section */

/* Begin PBXTargetDependency section */
		B8D27F8F215AE7370034B7EE /* PBXTargetDependency */ = {
			isa = PBXTargetDependency;
			target = B8D27F78215AE7350034B7EE /* Flix */;
			targetProxy = B8D27F8E215AE7370034B7EE /* PBXContainerItemProxy */;
		};
		B8D27F9A215AE7370034B7EE /* PBXTargetDependency */ = {
			isa = PBXTargetDependency;
			target = B8D27F78215AE7350034B7EE /* Flix */;
			targetProxy = B8D27F99215AE7370034B7EE /* PBXContainerItemProxy */;
		};
/* End PBXTargetDependency section */

/* Begin PBXVariantGroup section */
		B8D27F80215AE7350034B7EE /* Main.storyboard */ = {
			isa = PBXVariantGroup;
			children = (
				B8D27F81215AE7350034B7EE /* Base */,
			);
			name = Main.storyboard;
			sourceTree = "<group>";
		};
		B8D27F85215AE7360034B7EE /* LaunchScreen.storyboard */ = {
			isa = PBXVariantGroup;
			children = (
				B8D27F86215AE7360034B7EE /* Base */,
			);
			name = LaunchScreen.storyboard;
			sourceTree = "<group>";
		};
/* End PBXVariantGroup section */

/* Begin XCBuildConfiguration section */
		B8D27F9F215AE7370034B7EE /* Debug */ = {
			isa = XCBuildConfiguration;
			buildSettings = {
				ALWAYS_SEARCH_USER_PATHS = NO;
				CLANG_ANALYZER_NONNULL = YES;
				CLANG_ANALYZER_NUMBER_OBJECT_CONVERSION = YES_AGGRESSIVE;
				CLANG_CXX_LANGUAGE_STANDARD = "gnu++14";
				CLANG_CXX_LIBRARY = "libc++";
				CLANG_ENABLE_MODULES = YES;
				CLANG_ENABLE_OBJC_ARC = YES;
				CLANG_ENABLE_OBJC_WEAK = YES;
				CLANG_WARN_BLOCK_CAPTURE_AUTORELEASING = YES;
				CLANG_WARN_BOOL_CONVERSION = YES;
				CLANG_WARN_COMMA = YES;
				CLANG_WARN_CONSTANT_CONVERSION = YES;
				CLANG_WARN_DEPRECATED_OBJC_IMPLEMENTATIONS = YES;
				CLANG_WARN_DIRECT_OBJC_ISA_USAGE = YES_ERROR;
				CLANG_WARN_DOCUMENTATION_COMMENTS = YES;
				CLANG_WARN_EMPTY_BODY = YES;
				CLANG_WARN_ENUM_CONVERSION = YES;
				CLANG_WARN_INFINITE_RECURSION = YES;
				CLANG_WARN_INT_CONVERSION = YES;
				CLANG_WARN_NON_LITERAL_NULL_CONVERSION = YES;
				CLANG_WARN_OBJC_IMPLICIT_RETAIN_SELF = YES;
				CLANG_WARN_OBJC_LITERAL_CONVERSION = YES;
				CLANG_WARN_OBJC_ROOT_CLASS = YES_ERROR;
				CLANG_WARN_RANGE_LOOP_ANALYSIS = YES;
				CLANG_WARN_STRICT_PROTOTYPES = YES;
				CLANG_WARN_SUSPICIOUS_MOVE = YES;
				CLANG_WARN_UNGUARDED_AVAILABILITY = YES_AGGRESSIVE;
				CLANG_WARN_UNREACHABLE_CODE = YES;
				CLANG_WARN__DUPLICATE_METHOD_MATCH = YES;
				CODE_SIGN_IDENTITY = "iPhone Developer";
				COPY_PHASE_STRIP = NO;
				DEBUG_INFORMATION_FORMAT = dwarf;
				ENABLE_STRICT_OBJC_MSGSEND = YES;
				ENABLE_TESTABILITY = YES;
				GCC_C_LANGUAGE_STANDARD = gnu11;
				GCC_DYNAMIC_NO_PIC = NO;
				GCC_NO_COMMON_BLOCKS = YES;
				GCC_OPTIMIZATION_LEVEL = 0;
				GCC_PREPROCESSOR_DEFINITIONS = (
					"DEBUG=1",
					"$(inherited)",
				);
				GCC_WARN_64_TO_32_BIT_CONVERSION = YES;
				GCC_WARN_ABOUT_RETURN_TYPE = YES_ERROR;
				GCC_WARN_UNDECLARED_SELECTOR = YES;
				GCC_WARN_UNINITIALIZED_AUTOS = YES_AGGRESSIVE;
				GCC_WARN_UNUSED_FUNCTION = YES;
				GCC_WARN_UNUSED_VARIABLE = YES;
				IPHONEOS_DEPLOYMENT_TARGET = 11.4;
				MTL_ENABLE_DEBUG_INFO = YES;
				ONLY_ACTIVE_ARCH = YES;
				SDKROOT = iphoneos;
				SWIFT_ACTIVE_COMPILATION_CONDITIONS = DEBUG;
				SWIFT_OPTIMIZATION_LEVEL = "-Onone";
			};
			name = Debug;
		};
		B8D27FA0215AE7370034B7EE /* Release */ = {
			isa = XCBuildConfiguration;
			buildSettings = {
				ALWAYS_SEARCH_USER_PATHS = NO;
				CLANG_ANALYZER_NONNULL = YES;
				CLANG_ANALYZER_NUMBER_OBJECT_CONVERSION = YES_AGGRESSIVE;
				CLANG_CXX_LANGUAGE_STANDARD = "gnu++14";
				CLANG_CXX_LIBRARY = "libc++";
				CLANG_ENABLE_MODULES = YES;
				CLANG_ENABLE_OBJC_ARC = YES;
				CLANG_ENABLE_OBJC_WEAK = YES;
				CLANG_WARN_BLOCK_CAPTURE_AUTORELEASING = YES;
				CLANG_WARN_BOOL_CONVERSION = YES;
				CLANG_WARN_COMMA = YES;
				CLANG_WARN_CONSTANT_CONVERSION = YES;
				CLANG_WARN_DEPRECATED_OBJC_IMPLEMENTATIONS = YES;
				CLANG_WARN_DIRECT_OBJC_ISA_USAGE = YES_ERROR;
				CLANG_WARN_DOCUMENTATION_COMMENTS = YES;
				CLANG_WARN_EMPTY_BODY = YES;
				CLANG_WARN_ENUM_CONVERSION = YES;
				CLANG_WARN_INFINITE_RECURSION = YES;
				CLANG_WARN_INT_CONVERSION = YES;
				CLANG_WARN_NON_LITERAL_NULL_CONVERSION = YES;
				CLANG_WARN_OBJC_IMPLICIT_RETAIN_SELF = YES;
				CLANG_WARN_OBJC_LITERAL_CONVERSION = YES;
				CLANG_WARN_OBJC_ROOT_CLASS = YES_ERROR;
				CLANG_WARN_RANGE_LOOP_ANALYSIS = YES;
				CLANG_WARN_STRICT_PROTOTYPES = YES;
				CLANG_WARN_SUSPICIOUS_MOVE = YES;
				CLANG_WARN_UNGUARDED_AVAILABILITY = YES_AGGRESSIVE;
				CLANG_WARN_UNREACHABLE_CODE = YES;
				CLANG_WARN__DUPLICATE_METHOD_MATCH = YES;
				CODE_SIGN_IDENTITY = "iPhone Developer";
				COPY_PHASE_STRIP = NO;
				DEBUG_INFORMATION_FORMAT = "dwarf-with-dsym";
				ENABLE_NS_ASSERTIONS = NO;
				ENABLE_STRICT_OBJC_MSGSEND = YES;
				GCC_C_LANGUAGE_STANDARD = gnu11;
				GCC_NO_COMMON_BLOCKS = YES;
				GCC_WARN_64_TO_32_BIT_CONVERSION = YES;
				GCC_WARN_ABOUT_RETURN_TYPE = YES_ERROR;
				GCC_WARN_UNDECLARED_SELECTOR = YES;
				GCC_WARN_UNINITIALIZED_AUTOS = YES_AGGRESSIVE;
				GCC_WARN_UNUSED_FUNCTION = YES;
				GCC_WARN_UNUSED_VARIABLE = YES;
				IPHONEOS_DEPLOYMENT_TARGET = 11.4;
				MTL_ENABLE_DEBUG_INFO = NO;
				SDKROOT = iphoneos;
				SWIFT_COMPILATION_MODE = wholemodule;
				SWIFT_OPTIMIZATION_LEVEL = "-O";
				VALIDATE_PRODUCT = YES;
			};
			name = Release;
		};
		B8D27FA2215AE7370034B7EE /* Debug */ = {
			isa = XCBuildConfiguration;
			buildSettings = {
				ASSETCATALOG_COMPILER_APPICON_NAME = AppIcon;
				CODE_SIGN_STYLE = Automatic;
				DEVELOPMENT_TEAM = SQLZ34D9KE;
				INFOPLIST_FILE = Flix/Info.plist;
				LD_RUNPATH_SEARCH_PATHS = (
					"$(inherited)",
					"@executable_path/Frameworks",
				);
				PRODUCT_BUNDLE_IDENTIFIER = YBG.Flix;
				PRODUCT_NAME = "$(TARGET_NAME)";
				SWIFT_VERSION = 4.0;
				TARGETED_DEVICE_FAMILY = "1,2";
			};
			name = Debug;
		};
		B8D27FA3215AE7370034B7EE /* Release */ = {
			isa = XCBuildConfiguration;
			buildSettings = {
				ASSETCATALOG_COMPILER_APPICON_NAME = AppIcon;
				CODE_SIGN_STYLE = Automatic;
				DEVELOPMENT_TEAM = SQLZ34D9KE;
				INFOPLIST_FILE = Flix/Info.plist;
				LD_RUNPATH_SEARCH_PATHS = (
					"$(inherited)",
					"@executable_path/Frameworks",
				);
				PRODUCT_BUNDLE_IDENTIFIER = YBG.Flix;
				PRODUCT_NAME = "$(TARGET_NAME)";
				SWIFT_VERSION = 4.0;
				TARGETED_DEVICE_FAMILY = "1,2";
			};
			name = Release;
		};
		B8D27FA5215AE7370034B7EE /* Debug */ = {
			isa = XCBuildConfiguration;
			buildSettings = {
				ALWAYS_EMBED_SWIFT_STANDARD_LIBRARIES = YES;
				BUNDLE_LOADER = "$(TEST_HOST)";
				CODE_SIGN_STYLE = Automatic;
				DEVELOPMENT_TEAM = SQLZ34D9KE;
				INFOPLIST_FILE = FlixTests/Info.plist;
				LD_RUNPATH_SEARCH_PATHS = (
					"$(inherited)",
					"@executable_path/Frameworks",
					"@loader_path/Frameworks",
				);
				PRODUCT_BUNDLE_IDENTIFIER = YBG.FlixTests;
				PRODUCT_NAME = "$(TARGET_NAME)";
				SWIFT_VERSION = 4.0;
				TARGETED_DEVICE_FAMILY = "1,2";
				TEST_HOST = "$(BUILT_PRODUCTS_DIR)/Flix.app/Flix";
			};
			name = Debug;
		};
		B8D27FA6215AE7370034B7EE /* Release */ = {
			isa = XCBuildConfiguration;
			buildSettings = {
				ALWAYS_EMBED_SWIFT_STANDARD_LIBRARIES = YES;
				BUNDLE_LOADER = "$(TEST_HOST)";
				CODE_SIGN_STYLE = Automatic;
				DEVELOPMENT_TEAM = SQLZ34D9KE;
				INFOPLIST_FILE = FlixTests/Info.plist;
				LD_RUNPATH_SEARCH_PATHS = (
					"$(inherited)",
					"@executable_path/Frameworks",
					"@loader_path/Frameworks",
				);
				PRODUCT_BUNDLE_IDENTIFIER = YBG.FlixTests;
				PRODUCT_NAME = "$(TARGET_NAME)";
				SWIFT_VERSION = 4.0;
				TARGETED_DEVICE_FAMILY = "1,2";
				TEST_HOST = "$(BUILT_PRODUCTS_DIR)/Flix.app/Flix";
			};
			name = Release;
		};
		B8D27FA8215AE7370034B7EE /* Debug */ = {
			isa = XCBuildConfiguration;
			buildSettings = {
				ALWAYS_EMBED_SWIFT_STANDARD_LIBRARIES = YES;
				CODE_SIGN_STYLE = Automatic;
				DEVELOPMENT_TEAM = SQLZ34D9KE;
				INFOPLIST_FILE = FlixUITests/Info.plist;
				LD_RUNPATH_SEARCH_PATHS = (
					"$(inherited)",
					"@executable_path/Frameworks",
					"@loader_path/Frameworks",
				);
				PRODUCT_BUNDLE_IDENTIFIER = YBG.FlixUITests;
				PRODUCT_NAME = "$(TARGET_NAME)";
				SWIFT_VERSION = 4.0;
				TARGETED_DEVICE_FAMILY = "1,2";
				TEST_TARGET_NAME = Flix;
			};
			name = Debug;
		};
		B8D27FA9215AE7370034B7EE /* Release */ = {
			isa = XCBuildConfiguration;
			buildSettings = {
				ALWAYS_EMBED_SWIFT_STANDARD_LIBRARIES = YES;
				CODE_SIGN_STYLE = Automatic;
				DEVELOPMENT_TEAM = SQLZ34D9KE;
				INFOPLIST_FILE = FlixUITests/Info.plist;
				LD_RUNPATH_SEARCH_PATHS = (
					"$(inherited)",
					"@executable_path/Frameworks",
					"@loader_path/Frameworks",
				);
				PRODUCT_BUNDLE_IDENTIFIER = YBG.FlixUITests;
				PRODUCT_NAME = "$(TARGET_NAME)";
				SWIFT_VERSION = 4.0;
				TARGETED_DEVICE_FAMILY = "1,2";
				TEST_TARGET_NAME = Flix;
			};
			name = Release;
		};
/* End XCBuildConfiguration section */

/* Begin XCConfigurationList section */
		B8D27F74215AE7350034B7EE /* Build configuration list for PBXProject "Flix" */ = {
			isa = XCConfigurationList;
			buildConfigurations = (
				B8D27F9F215AE7370034B7EE /* Debug */,
				B8D27FA0215AE7370034B7EE /* Release */,
			);
			defaultConfigurationIsVisible = 0;
			defaultConfigurationName = Release;
		};
		B8D27FA1215AE7370034B7EE /* Build configuration list for PBXNativeTarget "Flix" */ = {
			isa = XCConfigurationList;
			buildConfigurations = (
				B8D27FA2215AE7370034B7EE /* Debug */,
				B8D27FA3215AE7370034B7EE /* Release */,
			);
			defaultConfigurationIsVisible = 0;
			defaultConfigurationName = Release;
		};
		B8D27FA4215AE7370034B7EE /* Build configuration list for PBXNativeTarget "FlixTests" */ = {
			isa = XCConfigurationList;
			buildConfigurations = (
				B8D27FA5215AE7370034B7EE /* Debug */,
				B8D27FA6215AE7370034B7EE /* Release */,
			);
			defaultConfigurationIsVisible = 0;
			defaultConfigurationName = Release;
		};
		B8D27FA7215AE7370034B7EE /* Build configuration list for PBXNativeTarget "FlixUITests" */ = {
			isa = XCConfigurationList;
			buildConfigurations = (
				B8D27FA8215AE7370034B7EE /* Debug */,
				B8D27FA9215AE7370034B7EE /* Release */,
			);
			defaultConfigurationIsVisible = 0;
			defaultConfigurationName = Release;
		};
/* End XCConfigurationList section */
	};
	rootObject = B8D27F71215AE7350034B7EE /* Project object */;
}
